// !$*UTF8*$!
{
	archiveVersion = 1;
	classes = {
	};
	objectVersion = 46;
	objects = {

/* Begin PBXBuildFile section */
		75026BFF19F1CECA00784445 /* main.m in Sources */ = {isa = PBXBuildFile; fileRef = 75026BFE19F1CECA00784445 /* main.m */; };
		75026C0219F1CECA00784445 /* AppDelegate.m in Sources */ = {isa = PBXBuildFile; fileRef = 75026C0119F1CECA00784445 /* AppDelegate.m */; };
		75026C0519F1CECA00784445 /* ViewController.m in Sources */ = {isa = PBXBuildFile; fileRef = 75026C0419F1CECA00784445 /* ViewController.m */; };
		75026C0819F1CECA00784445 /* Main.storyboard in Resources */ = {isa = PBXBuildFile; fileRef = 75026C0619F1CECA00784445 /* Main.storyboard */; };
		75026C0A19F1CECA00784445 /* Images.xcassets in Resources */ = {isa = PBXBuildFile; fileRef = 75026C0919F1CECA00784445 /* Images.xcassets */; };
		75026C0D19F1CECA00784445 /* LaunchScreen.xib in Resources */ = {isa = PBXBuildFile; fileRef = 75026C0B19F1CECA00784445 /* LaunchScreen.xib */; };
		75026C1919F1CECA00784445 /* JSonTests.m in Sources */ = {isa = PBXBuildFile; fileRef = 75026C1819F1CECA00784445 /* JSonTests.m */; };
/* End PBXBuildFile section */

/* Begin PBXContainerItemProxy section */
		75026C1319F1CECA00784445 /* PBXContainerItemProxy */ = {
			isa = PBXContainerItemProxy;
			containerPortal = 75026BF119F1CECA00784445 /* Project object */;
			proxyType = 1;
			remoteGlobalIDString = 75026BF819F1CECA00784445;
			remoteInfo = JSon;
		};
/* End PBXContainerItemProxy section */

/* Begin PBXFileReference section */
		75026BF919F1CECA00784445 /* JSon.app */ = {isa = PBXFileReference; explicitFileType = wrapper.application; includeInIndex = 0; path = JSon.app; sourceTree = BUILT_PRODUCTS_DIR; };
		75026BFD19F1CECA00784445 /* Info.plist */ = {isa = PBXFileReference; lastKnownFileType = text.plist.xml; path = Info.plist; sourceTree = "<group>"; };
		75026BFE19F1CECA00784445 /* main.m */ = {isa = PBXFileReference; lastKnownFileType = sourcecode.c.objc; path = main.m; sourceTree = "<group>"; };
		75026C0019F1CECA00784445 /* AppDelegate.h */ = {isa = PBXFileReference; lastKnownFileType = sourcecode.c.h; path = AppDelegate.h; sourceTree = "<group>"; };
		75026C0119F1CECA00784445 /* AppDelegate.m */ = {isa = PBXFileReference; lastKnownFileType = sourcecode.c.objc; path = AppDelegate.m; sourceTree = "<group>"; };
		75026C0319F1CECA00784445 /* ViewController.h */ = {isa = PBXFileReference; lastKnownFileType = sourcecode.c.h; path = ViewController.h; sourceTree = "<group>"; };
		75026C0419F1CECA00784445 /* ViewController.m */ = {isa = PBXFileReference; lastKnownFileType = sourcecode.c.objc; path = ViewController.m; sourceTree = "<group>"; };
		75026C0719F1CECA00784445 /* Base */ = {isa = PBXFileReference; lastKnownFileType = file.storyboard; name = Base; path = Base.lproj/Main.storyboard; sourceTree = "<group>"; };
		75026C0919F1CECA00784445 /* Images.xcassets */ = {isa = PBXFileReference; lastKnownFileType = folder.assetcatalog; path = Images.xcassets; sourceTree = "<group>"; };
		75026C0C19F1CECA00784445 /* Base */ = {isa = PBXFileReference; lastKnownFileType = file.xib; name = Base; path = Base.lproj/LaunchScreen.xib; sourceTree = "<group>"; };
		75026C1219F1CECA00784445 /* JSonTests.xctest */ = {isa = PBXFileReference; explicitFileType = wrapper.cfbundle; includeInIndex = 0; path = JSonTests.xctest; sourceTree = BUILT_PRODUCTS_DIR; };
		75026C1719F1CECA00784445 /* Info.plist */ = {isa = PBXFileReference; lastKnownFileType = text.plist.xml; path = Info.plist; sourceTree = "<group>"; };
		75026C1819F1CECA00784445 /* JSonTests.m */ = {isa = PBXFileReference; lastKnownFileType = sourcecode.c.objc; path = JSonTests.m; sourceTree = "<group>"; };
/* End PBXFileReference section */

/* Begin PBXFrameworksBuildPhase section */
		75026BF619F1CECA00784445 /* Frameworks */ = {
			isa = PBXFrameworksBuildPhase;
			buildActionMask = 2147483647;
			files = (
			);
			runOnlyForDeploymentPostprocessing = 0;
		};
		75026C0F19F1CECA00784445 /* Frameworks */ = {
			isa = PBXFrameworksBuildPhase;
			buildActionMask = 2147483647;
			files = (
			);
			runOnlyForDeploymentPostprocessing = 0;
		};
/* End PBXFrameworksBuildPhase section */

/* Begin PBXGroup section */
		75026BF019F1CECA00784445 = {
			isa = PBXGroup;
			children = (
				75026BFB19F1CECA00784445 /* JSon */,
				75026C1519F1CECA00784445 /* JSonTests */,
				75026BFA19F1CECA00784445 /* Products */,
			);
			sourceTree = "<group>";
		};
		75026BFA19F1CECA00784445 /* Products */ = {
			isa = PBXGroup;
			children = (
				75026BF919F1CECA00784445 /* JSon.app */,
				75026C1219F1CECA00784445 /* JSonTests.xctest */,
			);
			name = Products;
			sourceTree = "<group>";
		};
		75026BFB19F1CECA00784445 /* JSon */ = {
			isa = PBXGroup;
			children = (
				75026C0019F1CECA00784445 /* AppDelegate.h */,
				75026C0119F1CECA00784445 /* AppDelegate.m */,
				75026C0319F1CECA00784445 /* ViewController.h */,
				75026C0419F1CECA00784445 /* ViewController.m */,
				75026C0619F1CECA00784445 /* Main.storyboard */,
				75026C0919F1CECA00784445 /* Images.xcassets */,
				75026C0B19F1CECA00784445 /* LaunchScreen.xib */,
				75026BFC19F1CECA00784445 /* Supporting Files */,
			);
			path = JSon;
			sourceTree = "<group>";
		};
		75026BFC19F1CECA00784445 /* Supporting Files */ = {
			isa = PBXGroup;
			children = (
				75026BFD19F1CECA00784445 /* Info.plist */,
				75026BFE19F1CECA00784445 /* main.m */,
			);
			name = "Supporting Files";
			sourceTree = "<group>";
		};
		75026C1519F1CECA00784445 /* JSonTests */ = {
			isa = PBXGroup;
			children = (
				75026C1819F1CECA00784445 /* JSonTests.m */,
				75026C1619F1CECA00784445 /* Supporting Files */,
			);
			path = JSonTests;
			sourceTree = "<group>";
		};
		75026C1619F1CECA00784445 /* Supporting Files */ = {
			isa = PBXGroup;
			children = (
				75026C1719F1CECA00784445 /* Info.plist */,
			);
			name = "Supporting Files";
			sourceTree = "<group>";
		};
/* End PBXGroup section */

/* Begin PBXNativeTarget section */
		75026BF819F1CECA00784445 /* JSon */ = {
			isa = PBXNativeTarget;
			buildConfigurationList = 75026C1C19F1CECA00784445 /* Build configuration list for PBXNativeTarget "JSon" */;
			buildPhases = (
				75026BF519F1CECA00784445 /* Sources */,
				75026BF619F1CECA00784445 /* Frameworks */,
				75026BF719F1CECA00784445 /* Resources */,
			);
			buildRules = (
			);
			dependencies = (
			);
			name = JSon;
			productName = JSon;
			productReference = 75026BF919F1CECA00784445 /* JSon.app */;
			productType = "com.apple.product-type.application";
		};
		75026C1119F1CECA00784445 /* JSonTests */ = {
			isa = PBXNativeTarget;
			buildConfigurationList = 75026C1F19F1CECA00784445 /* Build configuration list for PBXNativeTarget "JSonTests" */;
			buildPhases = (
				75026C0E19F1CECA00784445 /* Sources */,
				75026C0F19F1CECA00784445 /* Frameworks */,
				75026C1019F1CECA00784445 /* Resources */,
			);
			buildRules = (
			);
			dependencies = (
				75026C1419F1CECA00784445 /* PBXTargetDependency */,
			);
			name = JSonTests;
			productName = JSonTests;
			productReference = 75026C1219F1CECA00784445 /* JSonTests.xctest */;
			productType = "com.apple.product-type.bundle.unit-test";
		};
/* End PBXNativeTarget section */

/* Begin PBXProject section */
		75026BF119F1CECA00784445 /* Project object */ = {
			isa = PBXProject;
			attributes = {
				LastUpgradeCheck = 0600;
				ORGANIZATIONNAME = "Juan C Salazar";
				TargetAttributes = {
					75026BF819F1CECA00784445 = {
						CreatedOnToolsVersion = 6.0.1;
					};
					75026C1119F1CECA00784445 = {
						CreatedOnToolsVersion = 6.0.1;
						TestTargetID = 75026BF819F1CECA00784445;
					};
				};
			};
			buildConfigurationList = 75026BF419F1CECA00784445 /* Build configuration list for PBXProject "JSon" */;
			compatibilityVersion = "Xcode 3.2";
			developmentRegion = English;
			hasScannedForEncodings = 0;
			knownRegions = (
				en,
				Base,
			);
			mainGroup = 75026BF019F1CECA00784445;
			productRefGroup = 75026BFA19F1CECA00784445 /* Products */;
			projectDirPath = "";
			projectRoot = "";
			targets = (
				75026BF819F1CECA00784445 /* JSon */,
				75026C1119F1CECA00784445 /* JSonTests */,
			);
		};
/* End PBXProject section */

/* Begin PBXResourcesBuildPhase section */
		75026BF719F1CECA00784445 /* Resources */ = {
			isa = PBXResourcesBuildPhase;
			buildActionMask = 2147483647;
			files = (
				75026C0819F1CECA00784445 /* Main.storyboard in Resources */,
				75026C0D19F1CECA00784445 /* LaunchScreen.xib in Resources */,
				75026C0A19F1CECA00784445 /* Images.xcassets in Resources */,
			);
			runOnlyForDeploymentPostprocessing = 0;
		};
		75026C1019F1CECA00784445 /* Resources */ = {
			isa = PBXResourcesBuildPhase;
			buildActionMask = 2147483647;
			files = (
			);
			runOnlyForDeploymentPostprocessing = 0;
		};
/* End PBXResourcesBuildPhase section */

/* Begin PBXSourcesBuildPhase section */
		75026BF519F1CECA00784445 /* Sources */ = {
			isa = PBXSourcesBuildPhase;
			buildActionMask = 2147483647;
			files = (
				75026C0519F1CECA00784445 /* ViewController.m in Sources */,
				75026C0219F1CECA00784445 /* AppDelegate.m in Sources */,
				75026BFF19F1CECA00784445 /* main.m in Sources */,
			);
			runOnlyForDeploymentPostprocessing = 0;
		};
		75026C0E19F1CECA00784445 /* Sources */ = {
			isa = PBXSourcesBuildPhase;
			buildActionMask = 2147483647;
			files = (
				75026C1919F1CECA00784445 /* JSonTests.m in Sources */,
			);
			runOnlyForDeploymentPostprocessing = 0;
		};
/* End PBXSourcesBuildPhase section */

/* Begin PBXTargetDependency section */
		75026C1419F1CECA00784445 /* PBXTargetDependency */ = {
			isa = PBXTargetDependency;
			target = 75026BF819F1CECA00784445 /* JSon */;
			targetProxy = 75026C1319F1CECA00784445 /* PBXContainerItemProxy */;
		};
/* End PBXTargetDependency section */

/* Begin PBXVariantGroup section */
		75026C0619F1CECA00784445 /* Main.storyboard */ = {
			isa = PBXVariantGroup;
			children = (
				75026C0719F1CECA00784445 /* Base */,
			);
			name = Main.storyboard;
			sourceTree = "<group>";
		};
		75026C0B19F1CECA00784445 /* LaunchScreen.xib */ = {
			isa = PBXVariantGroup;
			children = (
				75026C0C19F1CECA00784445 /* Base */,
			);
			name = LaunchScreen.xib;
			sourceTree = "<group>";
		};
/* End PBXVariantGroup section */

/* Begin XCBuildConfiguration section */
		75026C1A19F1CECA00784445 /* Debug */ = {
			isa = XCBuildConfiguration;
			buildSettings = {
				ALWAYS_SEARCH_USER_PATHS = NO;
				CLANG_CXX_LANGUAGE_STANDARD = "gnu++0x";
				CLANG_CXX_LIBRARY = "libc++";
				CLANG_ENABLE_MODULES = YES;
				CLANG_ENABLE_OBJC_ARC = YES;
				CLANG_WARN_BOOL_CONVERSION = YES;
				CLANG_WARN_CONSTANT_CONVERSION = YES;
				CLANG_WARN_DIRECT_OBJC_ISA_USAGE = YES_ERROR;
				CLANG_WARN_EMPTY_BODY = YES;
				CLANG_WARN_ENUM_CONVERSION = YES;
				CLANG_WARN_INT_CONVERSION = YES;
				CLANG_WARN_OBJC_ROOT_CLASS = YES_ERROR;
				CLANG_WARN_UNREACHABLE_CODE = YES;
				CLANG_WARN__DUPLICATE_METHOD_MATCH = YES;
				"CODE_SIGN_IDENTITY[sdk=iphoneos*]" = "iPhone Developer";
				COPY_PHASE_STRIP = NO;
				ENABLE_STRICT_OBJC_MSGSEND = YES;
				GCC_C_LANGUAGE_STANDARD = gnu99;
				GCC_DYNAMIC_NO_PIC = NO;
				GCC_OPTIMIZATION_LEVEL = 0;
				GCC_PREPROCESSOR_DEFINITIONS = (
					"DEBUG=1",
					"$(inherited)",
				);
				GCC_SYMBOLS_PRIVATE_EXTERN = NO;
				GCC_WARN_64_TO_32_BIT_CONVERSION = YES;
				GCC_WARN_ABOUT_RETURN_TYPE = YES_ERROR;
				GCC_WARN_UNDECLARED_SELECTOR = YES;
				GCC_WARN_UNINITIALIZED_AUTOS = YES_AGGRESSIVE;
				GCC_WARN_UNUSED_FUNCTION = YES;
				GCC_WARN_UNUSED_VARIABLE = YES;
				IPHONEOS_DEPLOYMENT_TARGET = 8.0;
				MTL_ENABLE_DEBUG_INFO = YES;
				ONLY_ACTIVE_ARCH = YES;
				SDKROOT = iphoneos;
			};
			name = Debug;
		};
		75026C1B19F1CECA00784445 /* Release */ = {
			isa = XCBuildConfiguration;
			buildSettings = {
				ALWAYS_SEARCH_USER_PATHS = NO;
				CLANG_CXX_LANGUAGE_STANDARD = "gnu++0x";
				CLANG_CXX_LIBRARY = "libc++";
				CLANG_ENABLE_MODULES = YES;
				CLANG_ENABLE_OBJC_ARC = YES;
				CLANG_WARN_BOOL_CONVERSION = YES;
				CLANG_WARN_CONSTANT_CONVERSION = YES;
				CLANG_WARN_DIRECT_OBJC_ISA_USAGE = YES_ERROR;
				CLANG_WARN_EMPTY_BODY = YES;
				CLANG_WARN_ENUM_CONVERSION = YES;
				CLANG_WARN_INT_CONVERSION = YES;
				CLANG_WARN_OBJC_ROOT_CLASS = YES_ERROR;
				CLANG_WARN_UNREACHABLE_CODE = YES;
				CLANG_WARN__DUPLICATE_METHOD_MATCH = YES;
				"CODE_SIGN_IDENTITY[sdk=iphoneos*]" = "iPhone Developer";
				COPY_PHASE_STRIP = YES;
				ENABLE_NS_ASSERTIONS = NO;
				ENABLE_STRICT_OBJC_MSGSEND = YES;
				GCC_C_LANGUAGE_STANDARD = gnu99;
				GCC_WARN_64_TO_32_BIT_CONVERSION = YES;
				GCC_WARN_ABOUT_RETURN_TYPE = YES_ERROR;
				GCC_WARN_UNDECLARED_SELECTOR = YES;
				GCC_WARN_UNINITIALIZED_AUTOS = YES_AGGRESSIVE;
				GCC_WARN_UNUSED_FUNCTION = YES;
				GCC_WARN_UNUSED_VARIABLE = YES;
				IPHONEOS_DEPLOYMENT_TARGET = 8.0;
				MTL_ENABLE_DEBUG_INFO = NO;
				SDKROOT = iphoneos;
				VALIDATE_PRODUCT = YES;
			};
			name = Release;
		};
		75026C1D19F1CECA00784445 /* Debug */ = {
			isa = XCBuildConfiguration;
			buildSettings = {
				ASSETCATALOG_COMPILER_APPICON_NAME = AppIcon;
				INFOPLIST_FILE = JSon/Info.plist;
				LD_RUNPATH_SEARCH_PATHS = "$(inherited) @executable_path/Frameworks";
				PRODUCT_NAME = "$(TARGET_NAME)";
			};
			name = Debug;
		};
		75026C1E19F1CECA00784445 /* Release */ = {
			isa = XCBuildConfiguration;
			buildSettings = {
				ASSETCATALOG_COMPILER_APPICON_NAME = AppIcon;
				INFOPLIST_FILE = JSon/Info.plist;
				LD_RUNPATH_SEARCH_PATHS = "$(inherited) @executable_path/Frameworks";
				PRODUCT_NAME = "$(TARGET_NAME)";
			};
			name = Release;
		};
		75026C2019F1CECA00784445 /* Debug */ = {
			isa = XCBuildConfiguration;
			buildSettings = {
				BUNDLE_LOADER = "$(TEST_HOST)";
				FRAMEWORK_SEARCH_PATHS = (
					"$(SDKROOT)/Developer/Library/Frameworks",
					"$(inherited)",
				);
				GCC_PREPROCESSOR_DEFINITIONS = (
					"DEBUG=1",
					"$(inherited)",
				);
				INFOPLIST_FILE = JSonTests/Info.plist;
				LD_RUNPATH_SEARCH_PATHS = "$(inherited) @executable_path/Frameworks @loader_path/Frameworks";
				PRODUCT_NAME = "$(TARGET_NAME)";
				TEST_HOST = "$(BUILT_PRODUCTS_DIR)/JSon.app/JSon";
			};
			name = Debug;
		};
		75026C2119F1CECA00784445 /* Release */ = {
			isa = XCBuildConfiguration;
			buildSettings = {
				BUNDLE_LOADER = "$(TEST_HOST)";
				FRAMEWORK_SEARCH_PATHS = (
					"$(SDKROOT)/Developer/Library/Frameworks",
					"$(inherited)",
				);
				INFOPLIST_FILE = JSonTests/Info.plist;
				LD_RUNPATH_SEARCH_PATHS = "$(inherited) @executable_path/Frameworks @loader_path/Frameworks";
				PRODUCT_NAME = "$(TARGET_NAME)";
				TEST_HOST = "$(BUILT_PRODUCTS_DIR)/JSon.app/JSon";
			};
			name = Release;
		};
/* End XCBuildConfiguration section */

/* Begin XCConfigurationList section */
		75026BF419F1CECA00784445 /* Build configuration list for PBXProject "JSon" */ = {
			isa = XCConfigurationList;
			buildConfigurations = (
				75026C1A19F1CECA00784445 /* Debug */,
				75026C1B19F1CECA00784445 /* Release */,
			);
			defaultConfigurationIsVisible = 0;
			defaultConfigurationName = Release;
		};
		75026C1C19F1CECA00784445 /* Build configuration list for PBXNativeTarget "JSon" */ = {
			isa = XCConfigurationList;
			buildConfigurations = (
				75026C1D19F1CECA00784445 /* Debug */,
				75026C1E19F1CECA00784445 /* Release */,
			);
			defaultConfigurationIsVisible = 0;
		};
		75026C1F19F1CECA00784445 /* Build configuration list for PBXNativeTarget "JSonTests" */ = {
			isa = XCConfigurationList;
			buildConfigurations = (
				75026C2019F1CECA00784445 /* Debug */,
				75026C2119F1CECA00784445 /* Release */,
			);
			defaultConfigurationIsVisible = 0;
		};
/* End XCConfigurationList section */
	};
	rootObject = 75026BF119F1CECA00784445 /* Project object */;
}
