// !$*UTF8*$!
{
	archiveVersion = 1;
	classes = {
	};
	objectVersion = 46;
	objects = {

/* Begin PBXBuildFile section */
		757F2D5019E5F26E004BEE94 /* main.m in Sources */ = {isa = PBXBuildFile; fileRef = 757F2D4F19E5F26E004BEE94 /* main.m */; };
		757F2D5319E5F26E004BEE94 /* AppDelegate.m in Sources */ = {isa = PBXBuildFile; fileRef = 757F2D5219E5F26E004BEE94 /* AppDelegate.m */; };
		757F2D5619E5F26E004BEE94 /* ViewController.m in Sources */ = {isa = PBXBuildFile; fileRef = 757F2D5519E5F26E004BEE94 /* ViewController.m */; };
		757F2D5919E5F26E004BEE94 /* Main.storyboard in Resources */ = {isa = PBXBuildFile; fileRef = 757F2D5719E5F26E004BEE94 /* Main.storyboard */; };
		757F2D5B19E5F26E004BEE94 /* Images.xcassets in Resources */ = {isa = PBXBuildFile; fileRef = 757F2D5A19E5F26E004BEE94 /* Images.xcassets */; };
		757F2D5E19E5F26E004BEE94 /* LaunchScreen.xib in Resources */ = {isa = PBXBuildFile; fileRef = 757F2D5C19E5F26E004BEE94 /* LaunchScreen.xib */; };
		757F2D6A19E5F26E004BEE94 /* BDSqliteTests.m in Sources */ = {isa = PBXBuildFile; fileRef = 757F2D6919E5F26E004BEE94 /* BDSqliteTests.m */; };
		757F2D7519E5F603004BEE94 /* Empleados.m in Sources */ = {isa = PBXBuildFile; fileRef = 757F2D7419E5F603004BEE94 /* Empleados.m */; };
		757F2D7819E5F61A004BEE94 /* AddViewController.m in Sources */ = {isa = PBXBuildFile; fileRef = 757F2D7719E5F61A004BEE94 /* AddViewController.m */; };
		757F2D7C19E5FFC1004BEE94 /* libsqlite3.dylib in Frameworks */ = {isa = PBXBuildFile; fileRef = 757F2D7B19E5FFC1004BEE94 /* libsqlite3.dylib */; };
		757F2D7F19E6141D004BEE94 /* SearchViewController.m in Sources */ = {isa = PBXBuildFile; fileRef = 757F2D7E19E6141D004BEE94 /* SearchViewController.m */; };
		759EC4A519E63E4D007B612B /* UpdateViewController.m in Sources */ = {isa = PBXBuildFile; fileRef = 759EC4A419E63E4D007B612B /* UpdateViewController.m */; };
		759EC4A819E652CE007B612B /* DeleteViewController.m in Sources */ = {isa = PBXBuildFile; fileRef = 759EC4A719E652CE007B612B /* DeleteViewController.m */; };
/* End PBXBuildFile section */

/* Begin PBXContainerItemProxy section */
		757F2D6419E5F26E004BEE94 /* PBXContainerItemProxy */ = {
			isa = PBXContainerItemProxy;
			containerPortal = 757F2D4219E5F26E004BEE94 /* Project object */;
			proxyType = 1;
			remoteGlobalIDString = 757F2D4919E5F26E004BEE94;
			remoteInfo = BDSqlite;
		};
/* End PBXContainerItemProxy section */

/* Begin PBXFileReference section */
		757F2D4A19E5F26E004BEE94 /* BDSqlite.app */ = {isa = PBXFileReference; explicitFileType = wrapper.application; includeInIndex = 0; path = BDSqlite.app; sourceTree = BUILT_PRODUCTS_DIR; };
		757F2D4E19E5F26E004BEE94 /* Info.plist */ = {isa = PBXFileReference; lastKnownFileType = text.plist.xml; path = Info.plist; sourceTree = "<group>"; };
		757F2D4F19E5F26E004BEE94 /* main.m */ = {isa = PBXFileReference; lastKnownFileType = sourcecode.c.objc; path = main.m; sourceTree = "<group>"; };
		757F2D5119E5F26E004BEE94 /* AppDelegate.h */ = {isa = PBXFileReference; lastKnownFileType = sourcecode.c.h; path = AppDelegate.h; sourceTree = "<group>"; };
		757F2D5219E5F26E004BEE94 /* AppDelegate.m */ = {isa = PBXFileReference; lastKnownFileType = sourcecode.c.objc; path = AppDelegate.m; sourceTree = "<group>"; };
		757F2D5419E5F26E004BEE94 /* ViewController.h */ = {isa = PBXFileReference; lastKnownFileType = sourcecode.c.h; path = ViewController.h; sourceTree = "<group>"; };
		757F2D5519E5F26E004BEE94 /* ViewController.m */ = {isa = PBXFileReference; lastKnownFileType = sourcecode.c.objc; path = ViewController.m; sourceTree = "<group>"; };
		757F2D5819E5F26E004BEE94 /* Base */ = {isa = PBXFileReference; lastKnownFileType = file.storyboard; name = Base; path = Base.lproj/Main.storyboard; sourceTree = "<group>"; };
		757F2D5A19E5F26E004BEE94 /* Images.xcassets */ = {isa = PBXFileReference; lastKnownFileType = folder.assetcatalog; path = Images.xcassets; sourceTree = "<group>"; };
		757F2D5D19E5F26E004BEE94 /* Base */ = {isa = PBXFileReference; lastKnownFileType = file.xib; name = Base; path = Base.lproj/LaunchScreen.xib; sourceTree = "<group>"; };
		757F2D6319E5F26E004BEE94 /* BDSqliteTests.xctest */ = {isa = PBXFileReference; explicitFileType = wrapper.cfbundle; includeInIndex = 0; path = BDSqliteTests.xctest; sourceTree = BUILT_PRODUCTS_DIR; };
		757F2D6819E5F26E004BEE94 /* Info.plist */ = {isa = PBXFileReference; lastKnownFileType = text.plist.xml; path = Info.plist; sourceTree = "<group>"; };
		757F2D6919E5F26E004BEE94 /* BDSqliteTests.m */ = {isa = PBXFileReference; lastKnownFileType = sourcecode.c.objc; path = BDSqliteTests.m; sourceTree = "<group>"; };
		757F2D7319E5F603004BEE94 /* Empleados.h */ = {isa = PBXFileReference; fileEncoding = 4; lastKnownFileType = sourcecode.c.h; path = Empleados.h; sourceTree = "<group>"; };
		757F2D7419E5F603004BEE94 /* Empleados.m */ = {isa = PBXFileReference; fileEncoding = 4; lastKnownFileType = sourcecode.c.objc; path = Empleados.m; sourceTree = "<group>"; };
		757F2D7619E5F61A004BEE94 /* AddViewController.h */ = {isa = PBXFileReference; fileEncoding = 4; lastKnownFileType = sourcecode.c.h; path = AddViewController.h; sourceTree = "<group>"; };
		757F2D7719E5F61A004BEE94 /* AddViewController.m */ = {isa = PBXFileReference; fileEncoding = 4; lastKnownFileType = sourcecode.c.objc; path = AddViewController.m; sourceTree = "<group>"; };
		757F2D7B19E5FFC1004BEE94 /* libsqlite3.dylib */ = {isa = PBXFileReference; lastKnownFileType = "compiled.mach-o.dylib"; name = libsqlite3.dylib; path = usr/lib/libsqlite3.dylib; sourceTree = SDKROOT; };
		757F2D7D19E6141D004BEE94 /* SearchViewController.h */ = {isa = PBXFileReference; fileEncoding = 4; lastKnownFileType = sourcecode.c.h; path = SearchViewController.h; sourceTree = "<group>"; };
		757F2D7E19E6141D004BEE94 /* SearchViewController.m */ = {isa = PBXFileReference; fileEncoding = 4; lastKnownFileType = sourcecode.c.objc; path = SearchViewController.m; sourceTree = "<group>"; };
		759EC4A319E63E4D007B612B /* UpdateViewController.h */ = {isa = PBXFileReference; fileEncoding = 4; lastKnownFileType = sourcecode.c.h; path = UpdateViewController.h; sourceTree = "<group>"; };
		759EC4A419E63E4D007B612B /* UpdateViewController.m */ = {isa = PBXFileReference; fileEncoding = 4; lastKnownFileType = sourcecode.c.objc; path = UpdateViewController.m; sourceTree = "<group>"; };
		759EC4A619E652CE007B612B /* DeleteViewController.h */ = {isa = PBXFileReference; fileEncoding = 4; lastKnownFileType = sourcecode.c.h; path = DeleteViewController.h; sourceTree = "<group>"; };
		759EC4A719E652CE007B612B /* DeleteViewController.m */ = {isa = PBXFileReference; fileEncoding = 4; lastKnownFileType = sourcecode.c.objc; path = DeleteViewController.m; sourceTree = "<group>"; };
/* End PBXFileReference section */

/* Begin PBXFrameworksBuildPhase section */
		757F2D4719E5F26E004BEE94 /* Frameworks */ = {
			isa = PBXFrameworksBuildPhase;
			buildActionMask = 2147483647;
			files = (
				757F2D7C19E5FFC1004BEE94 /* libsqlite3.dylib in Frameworks */,
			);
			runOnlyForDeploymentPostprocessing = 0;
		};
		757F2D6019E5F26E004BEE94 /* Frameworks */ = {
			isa = PBXFrameworksBuildPhase;
			buildActionMask = 2147483647;
			files = (
			);
			runOnlyForDeploymentPostprocessing = 0;
		};
/* End PBXFrameworksBuildPhase section */

/* Begin PBXGroup section */
		757F2D4119E5F26D004BEE94 = {
			isa = PBXGroup;
			children = (
				757F2D7B19E5FFC1004BEE94 /* libsqlite3.dylib */,
				757F2D4C19E5F26E004BEE94 /* BDSqlite */,
				757F2D6619E5F26E004BEE94 /* BDSqliteTests */,
				757F2D4B19E5F26E004BEE94 /* Products */,
			);
			sourceTree = "<group>";
		};
		757F2D4B19E5F26E004BEE94 /* Products */ = {
			isa = PBXGroup;
			children = (
				757F2D4A19E5F26E004BEE94 /* BDSqlite.app */,
				757F2D6319E5F26E004BEE94 /* BDSqliteTests.xctest */,
			);
			name = Products;
			sourceTree = "<group>";
		};
		757F2D4C19E5F26E004BEE94 /* BDSqlite */ = {
			isa = PBXGroup;
			children = (
				757F2D7A19E5F7AF004BEE94 /* views */,
				757F2D7919E5F7A7004BEE94 /* class */,
				757F2D5119E5F26E004BEE94 /* AppDelegate.h */,
				757F2D5219E5F26E004BEE94 /* AppDelegate.m */,
				757F2D5719E5F26E004BEE94 /* Main.storyboard */,
				757F2D5A19E5F26E004BEE94 /* Images.xcassets */,
				757F2D5C19E5F26E004BEE94 /* LaunchScreen.xib */,
				757F2D4D19E5F26E004BEE94 /* Supporting Files */,
			);
			path = BDSqlite;
			sourceTree = "<group>";
		};
		757F2D4D19E5F26E004BEE94 /* Supporting Files */ = {
			isa = PBXGroup;
			children = (
				757F2D4E19E5F26E004BEE94 /* Info.plist */,
				757F2D4F19E5F26E004BEE94 /* main.m */,
			);
			name = "Supporting Files";
			sourceTree = "<group>";
		};
		757F2D6619E5F26E004BEE94 /* BDSqliteTests */ = {
			isa = PBXGroup;
			children = (
				757F2D6919E5F26E004BEE94 /* BDSqliteTests.m */,
				757F2D6719E5F26E004BEE94 /* Supporting Files */,
			);
			path = BDSqliteTests;
			sourceTree = "<group>";
		};
		757F2D6719E5F26E004BEE94 /* Supporting Files */ = {
			isa = PBXGroup;
			children = (
				757F2D6819E5F26E004BEE94 /* Info.plist */,
			);
			name = "Supporting Files";
			sourceTree = "<group>";
		};
		757F2D7919E5F7A7004BEE94 /* class */ = {
			isa = PBXGroup;
			children = (
				757F2D7319E5F603004BEE94 /* Empleados.h */,
				757F2D7419E5F603004BEE94 /* Empleados.m */,
			);
			name = class;
			sourceTree = "<group>";
		};
		757F2D7A19E5F7AF004BEE94 /* views */ = {
			isa = PBXGroup;
			children = (
				757F2D7619E5F61A004BEE94 /* AddViewController.h */,
				757F2D7719E5F61A004BEE94 /* AddViewController.m */,
				757F2D5419E5F26E004BEE94 /* ViewController.h */,
				757F2D5519E5F26E004BEE94 /* ViewController.m */,
				757F2D7D19E6141D004BEE94 /* SearchViewController.h */,
				757F2D7E19E6141D004BEE94 /* SearchViewController.m */,
				759EC4A319E63E4D007B612B /* UpdateViewController.h */,
				759EC4A419E63E4D007B612B /* UpdateViewController.m */,
				759EC4A619E652CE007B612B /* DeleteViewController.h */,
				759EC4A719E652CE007B612B /* DeleteViewController.m */,
			);
			name = views;
			sourceTree = "<group>";
		};
/* End PBXGroup section */

/* Begin PBXNativeTarget section */
		757F2D4919E5F26E004BEE94 /* BDSqlite */ = {
			isa = PBXNativeTarget;
			buildConfigurationList = 757F2D6D19E5F26E004BEE94 /* Build configuration list for PBXNativeTarget "BDSqlite" */;
			buildPhases = (
				757F2D4619E5F26E004BEE94 /* Sources */,
				757F2D4719E5F26E004BEE94 /* Frameworks */,
				757F2D4819E5F26E004BEE94 /* Resources */,
			);
			buildRules = (
			);
			dependencies = (
			);
			name = BDSqlite;
			productName = BDSqlite;
			productReference = 757F2D4A19E5F26E004BEE94 /* BDSqlite.app */;
			productType = "com.apple.product-type.application";
		};
		757F2D6219E5F26E004BEE94 /* BDSqliteTests */ = {
			isa = PBXNativeTarget;
			buildConfigurationList = 757F2D7019E5F26E004BEE94 /* Build configuration list for PBXNativeTarget "BDSqliteTests" */;
			buildPhases = (
				757F2D5F19E5F26E004BEE94 /* Sources */,
				757F2D6019E5F26E004BEE94 /* Frameworks */,
				757F2D6119E5F26E004BEE94 /* Resources */,
			);
			buildRules = (
			);
			dependencies = (
				757F2D6519E5F26E004BEE94 /* PBXTargetDependency */,
			);
			name = BDSqliteTests;
			productName = BDSqliteTests;
			productReference = 757F2D6319E5F26E004BEE94 /* BDSqliteTests.xctest */;
			productType = "com.apple.product-type.bundle.unit-test";
		};
/* End PBXNativeTarget section */

/* Begin PBXProject section */
		757F2D4219E5F26E004BEE94 /* Project object */ = {
			isa = PBXProject;
			attributes = {
				LastUpgradeCheck = 0600;
				ORGANIZATIONNAME = "Juan C Salazar";
				TargetAttributes = {
					757F2D4919E5F26E004BEE94 = {
						CreatedOnToolsVersion = 6.0.1;
					};
					757F2D6219E5F26E004BEE94 = {
						CreatedOnToolsVersion = 6.0.1;
						TestTargetID = 757F2D4919E5F26E004BEE94;
					};
				};
			};
			buildConfigurationList = 757F2D4519E5F26E004BEE94 /* Build configuration list for PBXProject "BDSqlite" */;
			compatibilityVersion = "Xcode 3.2";
			developmentRegion = English;
			hasScannedForEncodings = 0;
			knownRegions = (
				en,
				Base,
			);
			mainGroup = 757F2D4119E5F26D004BEE94;
			productRefGroup = 757F2D4B19E5F26E004BEE94 /* Products */;
			projectDirPath = "";
			projectRoot = "";
			targets = (
				757F2D4919E5F26E004BEE94 /* BDSqlite */,
				757F2D6219E5F26E004BEE94 /* BDSqliteTests */,
			);
		};
/* End PBXProject section */

/* Begin PBXResourcesBuildPhase section */
		757F2D4819E5F26E004BEE94 /* Resources */ = {
			isa = PBXResourcesBuildPhase;
			buildActionMask = 2147483647;
			files = (
				757F2D5919E5F26E004BEE94 /* Main.storyboard in Resources */,
				757F2D5E19E5F26E004BEE94 /* LaunchScreen.xib in Resources */,
				757F2D5B19E5F26E004BEE94 /* Images.xcassets in Resources */,
			);
			runOnlyForDeploymentPostprocessing = 0;
		};
		757F2D6119E5F26E004BEE94 /* Resources */ = {
			isa = PBXResourcesBuildPhase;
			buildActionMask = 2147483647;
			files = (
			);
			runOnlyForDeploymentPostprocessing = 0;
		};
/* End PBXResourcesBuildPhase section */

/* Begin PBXSourcesBuildPhase section */
		757F2D4619E5F26E004BEE94 /* Sources */ = {
			isa = PBXSourcesBuildPhase;
			buildActionMask = 2147483647;
			files = (
				757F2D7819E5F61A004BEE94 /* AddViewController.m in Sources */,
				757F2D7519E5F603004BEE94 /* Empleados.m in Sources */,
				757F2D5619E5F26E004BEE94 /* ViewController.m in Sources */,
				759EC4A819E652CE007B612B /* DeleteViewController.m in Sources */,
				759EC4A519E63E4D007B612B /* UpdateViewController.m in Sources */,
				757F2D5319E5F26E004BEE94 /* AppDelegate.m in Sources */,
				757F2D7F19E6141D004BEE94 /* SearchViewController.m in Sources */,
				757F2D5019E5F26E004BEE94 /* main.m in Sources */,
			);
			runOnlyForDeploymentPostprocessing = 0;
		};
		757F2D5F19E5F26E004BEE94 /* Sources */ = {
			isa = PBXSourcesBuildPhase;
			buildActionMask = 2147483647;
			files = (
				757F2D6A19E5F26E004BEE94 /* BDSqliteTests.m in Sources */,
			);
			runOnlyForDeploymentPostprocessing = 0;
		};
/* End PBXSourcesBuildPhase section */

/* Begin PBXTargetDependency section */
		757F2D6519E5F26E004BEE94 /* PBXTargetDependency */ = {
			isa = PBXTargetDependency;
			target = 757F2D4919E5F26E004BEE94 /* BDSqlite */;
			targetProxy = 757F2D6419E5F26E004BEE94 /* PBXContainerItemProxy */;
		};
/* End PBXTargetDependency section */

/* Begin PBXVariantGroup section */
		757F2D5719E5F26E004BEE94 /* Main.storyboard */ = {
			isa = PBXVariantGroup;
			children = (
				757F2D5819E5F26E004BEE94 /* Base */,
			);
			name = Main.storyboard;
			sourceTree = "<group>";
		};
		757F2D5C19E5F26E004BEE94 /* LaunchScreen.xib */ = {
			isa = PBXVariantGroup;
			children = (
				757F2D5D19E5F26E004BEE94 /* Base */,
			);
			name = LaunchScreen.xib;
			sourceTree = "<group>";
		};
/* End PBXVariantGroup section */

/* Begin XCBuildConfiguration section */
		757F2D6B19E5F26E004BEE94 /* Debug */ = {
			isa = XCBuildConfiguration;
			buildSettings = {
				ALWAYS_SEARCH_USER_PATHS = NO;
				CLANG_CXX_LANGUAGE_STANDARD = "gnu++0x";
				CLANG_CXX_LIBRARY = "libc++";
				CLANG_ENABLE_MODULES = YES;
				CLANG_ENABLE_OBJC_ARC = YES;
				CLANG_WARN_BOOL_CONVERSION = YES;
				CLANG_WARN_CONSTANT_CONVERSION = YES;
				CLANG_WARN_DIRECT_OBJC_ISA_USAGE = YES_ERROR;
				CLANG_WARN_EMPTY_BODY = YES;
				CLANG_WARN_ENUM_CONVERSION = YES;
				CLANG_WARN_INT_CONVERSION = YES;
				CLANG_WARN_OBJC_ROOT_CLASS = YES_ERROR;
				CLANG_WARN_UNREACHABLE_CODE = YES;
				CLANG_WARN__DUPLICATE_METHOD_MATCH = YES;
				"CODE_SIGN_IDENTITY[sdk=iphoneos*]" = "iPhone Developer";
				COPY_PHASE_STRIP = NO;
				ENABLE_STRICT_OBJC_MSGSEND = YES;
				GCC_C_LANGUAGE_STANDARD = gnu99;
				GCC_DYNAMIC_NO_PIC = NO;
				GCC_OPTIMIZATION_LEVEL = 0;
				GCC_PREPROCESSOR_DEFINITIONS = (
					"DEBUG=1",
					"$(inherited)",
				);
				GCC_SYMBOLS_PRIVATE_EXTERN = NO;
				GCC_WARN_64_TO_32_BIT_CONVERSION = YES;
				GCC_WARN_ABOUT_RETURN_TYPE = YES_ERROR;
				GCC_WARN_UNDECLARED_SELECTOR = YES;
				GCC_WARN_UNINITIALIZED_AUTOS = YES_AGGRESSIVE;
				GCC_WARN_UNUSED_FUNCTION = YES;
				GCC_WARN_UNUSED_VARIABLE = YES;
				IPHONEOS_DEPLOYMENT_TARGET = 8.0;
				MTL_ENABLE_DEBUG_INFO = YES;
				ONLY_ACTIVE_ARCH = YES;
				SDKROOT = iphoneos;
			};
			name = Debug;
		};
		757F2D6C19E5F26E004BEE94 /* Release */ = {
			isa = XCBuildConfiguration;
			buildSettings = {
				ALWAYS_SEARCH_USER_PATHS = NO;
				CLANG_CXX_LANGUAGE_STANDARD = "gnu++0x";
				CLANG_CXX_LIBRARY = "libc++";
				CLANG_ENABLE_MODULES = YES;
				CLANG_ENABLE_OBJC_ARC = YES;
				CLANG_WARN_BOOL_CONVERSION = YES;
				CLANG_WARN_CONSTANT_CONVERSION = YES;
				CLANG_WARN_DIRECT_OBJC_ISA_USAGE = YES_ERROR;
				CLANG_WARN_EMPTY_BODY = YES;
				CLANG_WARN_ENUM_CONVERSION = YES;
				CLANG_WARN_INT_CONVERSION = YES;
				CLANG_WARN_OBJC_ROOT_CLASS = YES_ERROR;
				CLANG_WARN_UNREACHABLE_CODE = YES;
				CLANG_WARN__DUPLICATE_METHOD_MATCH = YES;
				"CODE_SIGN_IDENTITY[sdk=iphoneos*]" = "iPhone Developer";
				COPY_PHASE_STRIP = YES;
				ENABLE_NS_ASSERTIONS = NO;
				ENABLE_STRICT_OBJC_MSGSEND = YES;
				GCC_C_LANGUAGE_STANDARD = gnu99;
				GCC_WARN_64_TO_32_BIT_CONVERSION = YES;
				GCC_WARN_ABOUT_RETURN_TYPE = YES_ERROR;
				GCC_WARN_UNDECLARED_SELECTOR = YES;
				GCC_WARN_UNINITIALIZED_AUTOS = YES_AGGRESSIVE;
				GCC_WARN_UNUSED_FUNCTION = YES;
				GCC_WARN_UNUSED_VARIABLE = YES;
				IPHONEOS_DEPLOYMENT_TARGET = 8.0;
				MTL_ENABLE_DEBUG_INFO = NO;
				SDKROOT = iphoneos;
				VALIDATE_PRODUCT = YES;
			};
			name = Release;
		};
		757F2D6E19E5F26E004BEE94 /* Debug */ = {
			isa = XCBuildConfiguration;
			buildSettings = {
				ASSETCATALOG_COMPILER_APPICON_NAME = AppIcon;
				INFOPLIST_FILE = BDSqlite/Info.plist;
				LD_RUNPATH_SEARCH_PATHS = "$(inherited) @executable_path/Frameworks";
				PRODUCT_NAME = "$(TARGET_NAME)";
			};
			name = Debug;
		};
		757F2D6F19E5F26E004BEE94 /* Release */ = {
			isa = XCBuildConfiguration;
			buildSettings = {
				ASSETCATALOG_COMPILER_APPICON_NAME = AppIcon;
				INFOPLIST_FILE = BDSqlite/Info.plist;
				LD_RUNPATH_SEARCH_PATHS = "$(inherited) @executable_path/Frameworks";
				PRODUCT_NAME = "$(TARGET_NAME)";
			};
			name = Release;
		};
		757F2D7119E5F26E004BEE94 /* Debug */ = {
			isa = XCBuildConfiguration;
			buildSettings = {
				BUNDLE_LOADER = "$(TEST_HOST)";
				FRAMEWORK_SEARCH_PATHS = (
					"$(SDKROOT)/Developer/Library/Frameworks",
					"$(inherited)",
				);
				GCC_PREPROCESSOR_DEFINITIONS = (
					"DEBUG=1",
					"$(inherited)",
				);
				INFOPLIST_FILE = BDSqliteTests/Info.plist;
				LD_RUNPATH_SEARCH_PATHS = "$(inherited) @executable_path/Frameworks @loader_path/Frameworks";
				PRODUCT_NAME = "$(TARGET_NAME)";
				TEST_HOST = "$(BUILT_PRODUCTS_DIR)/BDSqlite.app/BDSqlite";
			};
			name = Debug;
		};
		757F2D7219E5F26E004BEE94 /* Release */ = {
			isa = XCBuildConfiguration;
			buildSettings = {
				BUNDLE_LOADER = "$(TEST_HOST)";
				FRAMEWORK_SEARCH_PATHS = (
					"$(SDKROOT)/Developer/Library/Frameworks",
					"$(inherited)",
				);
				INFOPLIST_FILE = BDSqliteTests/Info.plist;
				LD_RUNPATH_SEARCH_PATHS = "$(inherited) @executable_path/Frameworks @loader_path/Frameworks";
				PRODUCT_NAME = "$(TARGET_NAME)";
				TEST_HOST = "$(BUILT_PRODUCTS_DIR)/BDSqlite.app/BDSqlite";
			};
			name = Release;
		};
/* End XCBuildConfiguration section */

/* Begin XCConfigurationList section */
		757F2D4519E5F26E004BEE94 /* Build configuration list for PBXProject "BDSqlite" */ = {
			isa = XCConfigurationList;
			buildConfigurations = (
				757F2D6B19E5F26E004BEE94 /* Debug */,
				757F2D6C19E5F26E004BEE94 /* Release */,
			);
			defaultConfigurationIsVisible = 0;
			defaultConfigurationName = Release;
		};
		757F2D6D19E5F26E004BEE94 /* Build configuration list for PBXNativeTarget "BDSqlite" */ = {
			isa = XCConfigurationList;
			buildConfigurations = (
				757F2D6E19E5F26E004BEE94 /* Debug */,
				757F2D6F19E5F26E004BEE94 /* Release */,
			);
			defaultConfigurationIsVisible = 0;
			defaultConfigurationName = Release;
		};
		757F2D7019E5F26E004BEE94 /* Build configuration list for PBXNativeTarget "BDSqliteTests" */ = {
			isa = XCConfigurationList;
			buildConfigurations = (
				757F2D7119E5F26E004BEE94 /* Debug */,
				757F2D7219E5F26E004BEE94 /* Release */,
			);
			defaultConfigurationIsVisible = 0;
			defaultConfigurationName = Release;
		};
/* End XCConfigurationList section */
	};
	rootObject = 757F2D4219E5F26E004BEE94 /* Project object */;
}
